
Microsoft Visual Studio Solution File, Format Version 12.00
# Visual Studio Version 17
VisualStudioVersion = 17.4.33110.190
MinimumVisualStudioVersion = 10.0.40219.1
Project("{FAE04EC0-301F-11D3-BF4B-00C04F79EFBC}") = "Projeto06", "Projeto06\Projeto06.csproj", "{1663022C-A294-4B75-8225-BDBF462B3970}"
EndProject
Global
	GlobalSection(SolutionConfigurationPlatforms) = preSolution
		Debug|Any CPU = Debug|Any CPU
		Release|Any CPU = Release|Any CPU
	EndGlobalSection
	GlobalSection(ProjectConfigurationPlatforms) = postSolution
		{1663022C-A294-4B75-8225-BDBF462B3970}.Debug|Any CPU.ActiveCfg = Debug|Any CPU
		{1663022C-A294-4B75-8225-BDBF462B3970}.Debug|Any CPU.Build.0 = Debug|Any CPU
		{1663022C-A294-4B75-8225-BDBF462B3970}.Release|Any CPU.ActiveCfg = Release|Any CPU
		{1663022C-A294-4B75-8225-BDBF462B3970}.Release|Any CPU.Build.0 = Release|Any CPU
	EndGlobalSection
	GlobalSection(SolutionProperties) = preSolution
		HideSolutionNode = FALSE
	EndGlobalSection
	GlobalSection(ExtensibilityGlobals) = postSolution
		SolutionGuid = {7748BAD6-2517-48C2-942D-A3103C784F6D}
	EndGlobalSection
EndGlobal
